
Microsoft Visual Studio Solution File, Format Version 12.00
# Blend for Visual Studio Version 16
VisualStudioVersion = 16.0.31702.278
MinimumVisualStudioVersion = 10.0.40219.1
Project("{FAE04EC0-301F-11D3-BF4B-00C04F79EFBC}") = "Module 1.1_Exercise 11_2", "Module 1.1_Exercise 11_2\Module 1.1_Exercise 11_2.csproj", "{89C924E0-E7DB-4035-9BA0-40F28D715E45}"
EndProject
Global
	GlobalSection(SolutionConfigurationPlatforms) = preSolution
		Debug|Any CPU = Debug|Any CPU
		Release|Any CPU = Release|Any CPU
	EndGlobalSection
	GlobalSection(ProjectConfigurationPlatforms) = postSolution
		{89C924E0-E7DB-4035-9BA0-40F28D715E45}.Debug|Any CPU.ActiveCfg = Debug|Any CPU
		{89C924E0-E7DB-4035-9BA0-40F28D715E45}.Debug|Any CPU.Build.0 = Debug|Any CPU
		{89C924E0-E7DB-4035-9BA0-40F28D715E45}.Release|Any CPU.ActiveCfg = Release|Any CPU
		{89C924E0-E7DB-4035-9BA0-40F28D715E45}.Release|Any CPU.Build.0 = Release|Any CPU
	EndGlobalSection
	GlobalSection(SolutionProperties) = preSolution
		HideSolutionNode = FALSE
	EndGlobalSection
	GlobalSection(ExtensibilityGlobals) = postSolution
		SolutionGuid = {6C1FDEEC-0ECB-414B-89A1-20E67CA968A9}
	EndGlobalSection
EndGlobal
